{
  "name": "translator",
  "version": "1.0.0",
  "lockfileVersion": 1,
  "requires": true,
  "dependencies": {
    "@google-cloud/common": {
      "version": "2.4.0",
      "resolved": "https://registry.npm.taobao.org/@google-cloud/common/download/@google-cloud/common-2.4.0.tgz",
      "integrity": "sha1-J4O33oQ1AkoxRTUQ8tq1pqkaTII=",
      "requires": {
        "@google-cloud/projectify": "^1.0.0",
        "@google-cloud/promisify": "^1.0.0",
        "arrify": "^2.0.0",
        "duplexify": "^3.6.0",
        "ent": "^2.2.0",
        "extend": "^3.0.2",
        "google-auth-library": "^5.5.0",
        "retry-request": "^4.0.0",
        "teeny-request": "^6.0.0"
      }
    },
    "@google-cloud/projectify": {
      "version": "1.0.4",
      "resolved": "https://registry.npm.taobao.org/@google-cloud/projectify/download/@google-cloud/projectify-1.0.4.tgz",
      "integrity": "sha1-KNqr67plee2Zjtyt8ajzvhfztfA="
    },
    "@google-cloud/promisify": {
      "version": "1.0.4",
      "resolved": "https://registry.npm.taobao.org/@google-cloud/promisify/download/@google-cloud/promisify-1.0.4.tgz",
      "integrity": "sha1-zob/qU+c+vouaPez5Kf60ZQYlyM="
    },
    "@google-cloud/translate": {
      "version": "5.1.6",
      "resolved": "https://registry.npm.taobao.org/@google-cloud/translate/download/@google-cloud/translate-5.1.6.tgz",
      "integrity": "sha1-5xlwWhjp5XhGrbVvvFhr4xKJsVw=",
      "requires": {
        "@google-cloud/common": "^2.0.0",
        "@google-cloud/promisify": "^1.0.0",
        "arrify": "^2.0.0",
        "extend": "^3.0.2",
        "google-gax": "^1.11.1",
        "is": "^3.2.1",
        "is-html": "^2.0.0",
        "protobufjs": "^6.8.8"
      }
    },
    "@grpc/grpc-js": {
      "version": "0.6.18",
      "resolved": "https://registry.npm.taobao.org/@grpc/grpc-js/download/@grpc/grpc-js-0.6.18.tgz",
      "integrity": "sha1-ujs9/vhpUzFh0ZKjhUEqSr0NsSc=",
      "requires": {
        "semver": "^6.2.0"
      }
    },
    "@grpc/proto-loader": {
      "version": "0.5.3",
      "resolved": "https://registry.npm.taobao.org/@grpc/proto-loader/download/@grpc/proto-loader-0.5.3.tgz",
      "integrity": "sha1-ojMHByC/dWDE1w4p55UMclSaEyw=",
      "requires": {
        "lodash.camelcase": "^4.3.0",
        "protobufjs": "^6.8.6"
      }
    },
    "@protobufjs/aspromise": {
      "version": "1.1.2",
      "resolved": "https://registry.npm.taobao.org/@protobufjs/aspromise/download/@protobufjs/aspromise-1.1.2.tgz",
      "integrity": "sha1-m4sMxmPWaafY9vXQiToU00jzD78="
    },
    "@protobufjs/base64": {
      "version": "1.1.2",
      "resolved": "https://registry.npm.taobao.org/@protobufjs/base64/download/@protobufjs/base64-1.1.2.tgz",
      "integrity": "sha1-TIVzDlm5ofHzSQR9vyQpYDS7JzU="
    },
    "@protobufjs/codegen": {
      "version": "2.0.4",
      "resolved": "https://registry.npm.taobao.org/@protobufjs/codegen/download/@protobufjs/codegen-2.0.4.tgz",
      "integrity": "sha1-fvN/DQEPsCitGtWXIuUG2SYoFcs="
    },
    "@protobufjs/eventemitter": {
      "version": "1.1.0",
      "resolved": "https://registry.npm.taobao.org/@protobufjs/eventemitter/download/@protobufjs/eventemitter-1.1.0.tgz",
      "integrity": "sha1-NVy8mLr61ZePntCV85diHx0Ga3A="
    },
    "@protobufjs/fetch": {
      "version": "1.1.0",
      "resolved": "https://registry.npm.taobao.org/@protobufjs/fetch/download/@protobufjs/fetch-1.1.0.tgz",
      "integrity": "sha1-upn7WYYUr2VwDBYZ/wbUVLDYTEU=",
      "requires": {
        "@protobufjs/aspromise": "^1.1.1",
        "@protobufjs/inquire": "^1.1.0"
      }
    },
    "@protobufjs/float": {
      "version": "1.0.2",
      "resolved": "https://registry.npm.taobao.org/@protobufjs/float/download/@protobufjs/float-1.0.2.tgz",
      "integrity": "sha1-Xp4avctz/Ap8uLKR33jIy9l7h9E="
    },
    "@protobufjs/inquire": {
      "version": "1.1.0",
      "resolved": "https://registry.npm.taobao.org/@protobufjs/inquire/download/@protobufjs/inquire-1.1.0.tgz",
      "integrity": "sha1-/yAOPnzyQp4tyvwRQIKOjMY48Ik="
    },
    "@protobufjs/path": {
      "version": "1.1.2",
      "resolved": "https://registry.npm.taobao.org/@protobufjs/path/download/@protobufjs/path-1.1.2.tgz",
      "integrity": "sha1-bMKyDFya1q0NzP0hynZz2Nf79o0="
    },
    "@protobufjs/pool": {
      "version": "1.1.0",
      "resolved": "https://registry.npm.taobao.org/@protobufjs/pool/download/@protobufjs/pool-1.1.0.tgz",
      "integrity": "sha1-Cf0V8tbTq/qbZbw2ZQbWrXhG/1Q="
    },
    "@protobufjs/utf8": {
      "version": "1.1.0",
      "resolved": "https://registry.npm.taobao.org/@protobufjs/utf8/download/@protobufjs/utf8-1.1.0.tgz",
      "integrity": "sha1-p3c2C1s5oaLlEG+OhY8v0tBgxXA="
    },
    "@tootallnate/once": {
      "version": "1.0.0",
      "resolved": "https://registry.npm.taobao.org/@tootallnate/once/download/@tootallnate/once-1.0.0.tgz",
      "integrity": "sha1-nBPCV0yS1FA7AF/sqPLhbMFhFQY="
    },
    "@types/fs-extra": {
      "version": "8.1.0",
      "resolved": "https://registry.npm.taobao.org/@types/fs-extra/download/@types/fs-extra-8.1.0.tgz",
      "integrity": "sha1-ERSDS1PDkUgGzQOzMEs3s70iGk0=",
      "requires": {
        "@types/node": "*"
      }
    },
    "@types/long": {
      "version": "4.0.1",
      "resolved": "https://registry.npm.taobao.org/@types/long/download/@types/long-4.0.1.tgz",
      "integrity": "sha1-RZxl+hhn2v5qjzIsTFFpVmPMVek="
    },
    "@types/node": {
      "version": "10.17.16",
      "resolved": "https://registry.npm.taobao.org/@types/node/download/@types/node-10.17.16.tgz?cache=0&sync_timestamp=1582678604985&other_urls=https%3A%2F%2Fregistry.npm.taobao.org%2F%40types%2Fnode%2Fdownload%2F%40types%2Fnode-10.17.16.tgz",
      "integrity": "sha1-7pbdrBo42Y0sinHH3wza1XWOiZM="
    },
    "abort-controller": {
      "version": "3.0.0",
      "resolved": "https://registry.npm.taobao.org/abort-controller/download/abort-controller-3.0.0.tgz",
      "integrity": "sha1-6vVNU7YrrkE46AnKIlyEOabvs5I=",
      "requires": {
        "event-target-shim": "^5.0.0"
      }
    },
    "agent-base": {
      "version": "6.0.0",
      "resolved": "https://registry.npm.taobao.org/agent-base/download/agent-base-6.0.0.tgz?cache=0&sync_timestamp=1579811250010&other_urls=https%3A%2F%2Fregistry.npm.taobao.org%2Fagent-base%2Fdownload%2Fagent-base-6.0.0.tgz",
      "integrity": "sha1-XQEB8Zu/rtOZgLIq6GbeFTuT8Jo=",
      "requires": {
        "debug": "4"
      }
    },
    "arrify": {
      "version": "2.0.1",
      "resolved": "https://registry.npm.taobao.org/arrify/download/arrify-2.0.1.tgz",
      "integrity": "sha1-yWVekzHgq81YjSp8rX6ZVvZnAfo="
    },
    "base64-js": {
      "version": "1.3.1",
      "resolved": "https://registry.npm.taobao.org/base64-js/download/base64-js-1.3.1.tgz",
      "integrity": "sha1-WOzoy3XdB+ce0IxzarxfrE2/jfE="
    },
    "bignumber.js": {
      "version": "7.2.1",
      "resolved": "https://registry.npm.taobao.org/bignumber.js/download/bignumber.js-7.2.1.tgz",
      "integrity": "sha1-gMBIdZ2CaACAfEv9Uh5Q7bulel8="
    },
    "buffer-equal-constant-time": {
      "version": "1.0.1",
      "resolved": "https://registry.npm.taobao.org/buffer-equal-constant-time/download/buffer-equal-constant-time-1.0.1.tgz",
      "integrity": "sha1-+OcRMvf/5uAaXJaXpMbz5I1cyBk="
    },
    "core-util-is": {
      "version": "1.0.2",
      "resolved": "https://registry.npm.taobao.org/core-util-is/download/core-util-is-1.0.2.tgz",
      "integrity": "sha1-tf1UIgqivFq1eqtxQMlAdUUDwac="
    },
    "debug": {
      "version": "4.1.1",
      "resolved": "https://registry.npm.taobao.org/debug/download/debug-4.1.1.tgz",
      "integrity": "sha1-O3ImAlUQnGtYnO4FDx1RYTlmR5E=",
      "requires": {
        "ms": "^2.1.1"
      }
    },
    "duplexify": {
      "version": "3.7.1",
      "resolved": "https://registry.npm.taobao.org/duplexify/download/duplexify-3.7.1.tgz?cache=0&other_urls=https%3A%2F%2Fregistry.npm.taobao.org%2Fduplexify%2Fdownload%2Fduplexify-3.7.1.tgz",
      "integrity": "sha1-Kk31MX9sz9kfhtb9JdjYoQO4gwk=",
      "requires": {
        "end-of-stream": "^1.0.0",
        "inherits": "^2.0.1",
        "readable-stream": "^2.0.0",
        "stream-shift": "^1.0.0"
      }
    },
    "ecdsa-sig-formatter": {
      "version": "1.0.11",
      "resolved": "https://registry.npm.taobao.org/ecdsa-sig-formatter/download/ecdsa-sig-formatter-1.0.11.tgz",
      "integrity": "sha1-rg8PothQRe8UqBfao86azQSJ5b8=",
      "requires": {
        "safe-buffer": "^5.0.1"
      }
    },
    "end-of-stream": {
      "version": "1.4.4",
      "resolved": "https://registry.npm.taobao.org/end-of-stream/download/end-of-stream-1.4.4.tgz",
      "integrity": "sha1-WuZKX0UFe682JuwU2gyl5LJDHrA=",
      "requires": {
        "once": "^1.4.0"
      }
    },
    "ent": {
      "version": "2.2.0",
      "resolved": "https://registry.npm.taobao.org/ent/download/ent-2.2.0.tgz",
      "integrity": "sha1-6WQhkyWiHQX0RGai9obtbOX13R0="
    },
    "event-target-shim": {
      "version": "5.0.1",
      "resolved": "https://registry.npm.taobao.org/event-target-shim/download/event-target-shim-5.0.1.tgz",
      "integrity": "sha1-XU0+vflYPWOlMzzi3rdICrKwV4k="
    },
    "extend": {
      "version": "3.0.2",
      "resolved": "https://registry.npm.taobao.org/extend/download/extend-3.0.2.tgz",
      "integrity": "sha1-+LETa0Bx+9jrFAr/hYsQGewpFfo="
    },
    "fast-text-encoding": {
      "version": "1.0.0",
      "resolved": "https://registry.npm.taobao.org/fast-text-encoding/download/fast-text-encoding-1.0.0.tgz",
      "integrity": "sha1-PlzoKTQJz6pxd6cbnKhOGx5vJe8="
    },
    "gaxios": {
      "version": "2.3.1",
      "resolved": "https://registry.npm.taobao.org/gaxios/download/gaxios-2.3.1.tgz",
      "integrity": "sha1-Ur2DK11qJSByeDua/ZdCveg1svQ=",
      "requires": {
        "abort-controller": "^3.0.0",
        "extend": "^3.0.2",
        "https-proxy-agent": "^5.0.0",
        "is-stream": "^2.0.0",
        "node-fetch": "^2.3.0"
      },
      "dependencies": {
        "is-stream": {
          "version": "2.0.0",
          "resolved": "https://registry.npm.taobao.org/is-stream/download/is-stream-2.0.0.tgz",
          "integrity": "sha1-venDJoDW+uBBKdasnZIc54FfeOM="
        }
      }
    },
    "gcp-metadata": {
      "version": "3.4.0",
      "resolved": "https://registry.npm.taobao.org/gcp-metadata/download/gcp-metadata-3.4.0.tgz",
      "integrity": "sha1-38u2q+LCYshsjrAeRynUa0TiFIQ=",
      "requires": {
        "gaxios": "^2.1.0",
        "json-bigint": "^0.3.0"
      }
    },
    "google-auth-library": {
      "version": "5.10.1",
      "resolved": "https://registry.npm.taobao.org/google-auth-library/download/google-auth-library-5.10.1.tgz",
      "integrity": "sha1-UE7HVIetFA5o3Vd8Ia/6NjyH3f8=",
      "requires": {
        "arrify": "^2.0.0",
        "base64-js": "^1.3.0",
        "ecdsa-sig-formatter": "^1.0.11",
        "fast-text-encoding": "^1.0.0",
        "gaxios": "^2.1.0",
        "gcp-metadata": "^3.4.0",
        "gtoken": "^4.1.0",
        "jws": "^4.0.0",
        "lru-cache": "^5.0.0"
      }
    },
    "google-gax": {
      "version": "1.14.1",
      "resolved": "https://registry.npm.taobao.org/google-gax/download/google-gax-1.14.1.tgz",
      "integrity": "sha1-gnGlKTt7YTd9VIKJlkt+ggmYQ4E=",
      "requires": {
        "@grpc/grpc-js": "^0.6.12",
        "@grpc/proto-loader": "^0.5.1",
        "@types/fs-extra": "^8.0.1",
        "@types/long": "^4.0.0",
        "abort-controller": "^3.0.0",
        "duplexify": "^3.6.0",
        "google-auth-library": "^5.0.0",
        "is-stream-ended": "^0.1.4",
        "lodash.at": "^4.6.0",
        "lodash.has": "^4.5.2",
        "node-fetch": "^2.6.0",
        "protobufjs": "^6.8.8",
        "retry-request": "^4.0.0",
        "semver": "^6.0.0",
        "walkdir": "^0.4.0"
      }
    },
    "google-p12-pem": {
      "version": "2.0.4",
      "resolved": "https://registry.npm.taobao.org/google-p12-pem/download/google-p12-pem-2.0.4.tgz",
      "integrity": "sha1-A2RiOU4mZHJjKni2hfDMPfTvM3s=",
      "requires": {
        "node-forge": "^0.9.0"
      }
    },
    "graceful-fs": {
      "version": "4.2.3",
      "resolved": "https://registry.npm.taobao.org/graceful-fs/download/graceful-fs-4.2.3.tgz",
      "integrity": "sha1-ShL/G2A3bvCYYsIJPt2Qgyi+hCM=",
      "optional": true
    },
    "gtoken": {
      "version": "4.1.4",
      "resolved": "https://registry.npm.taobao.org/gtoken/download/gtoken-4.1.4.tgz",
      "integrity": "sha1-kl/x5986qtoGYR0w6i0qv2D81qc=",
      "requires": {
        "gaxios": "^2.1.0",
        "google-p12-pem": "^2.0.0",
        "jws": "^4.0.0",
        "mime": "^2.2.0"
      }
    },
    "html-tags": {
      "version": "3.1.0",
      "resolved": "https://registry.npm.taobao.org/html-tags/download/html-tags-3.1.0.tgz",
      "integrity": "sha1-e15vfmZen7QfMAB+2eDUHpf7IUA="
    },
    "http-proxy-agent": {
      "version": "4.0.1",
      "resolved": "https://registry.npm.taobao.org/http-proxy-agent/download/http-proxy-agent-4.0.1.tgz",
      "integrity": "sha1-ioyO9/WTLM+VPClsqCkblap0qjo=",
      "requires": {
        "@tootallnate/once": "1",
        "agent-base": "6",
        "debug": "4"
      }
    },
    "https-proxy-agent": {
      "version": "5.0.0",
      "resolved": "https://registry.npm.taobao.org/https-proxy-agent/download/https-proxy-agent-5.0.0.tgz",
      "integrity": "sha1-4qkFQqu2inYuCghQ9sntrf2FBrI=",
      "requires": {
        "agent-base": "6",
        "debug": "4"
      }
    },
    "inherits": {
      "version": "2.0.4",
      "resolved": "https://registry.npm.taobao.org/inherits/download/inherits-2.0.4.tgz?cache=0&other_urls=https%3A%2F%2Fregistry.npm.taobao.org%2Finherits%2Fdownload%2Finherits-2.0.4.tgz",
      "integrity": "sha1-D6LGT5MpF8NDOg3tVTY6rjdBa3w="
    },
    "is": {
      "version": "3.3.0",
      "resolved": "https://registry.npm.taobao.org/is/download/is-3.3.0.tgz",
      "integrity": "sha1-Yc/23TxBk9uUo9YlggcrROVkXXk="
    },
    "is-html": {
      "version": "2.0.0",
      "resolved": "https://registry.npm.taobao.org/is-html/download/is-html-2.0.0.tgz",
      "integrity": "sha1-s6suJ8y3oSI1RI9R8RWmaQ9DX8g=",
      "requires": {
        "html-tags": "^3.0.0"
      }
    },
    "is-stream-ended": {
      "version": "0.1.4",
      "resolved": "https://registry.npm.taobao.org/is-stream-ended/download/is-stream-ended-0.1.4.tgz",
      "integrity": "sha1-9QIk6V4GvODjVtRApIJ801smfto="
    },
    "isarray": {
      "version": "1.0.0",
      "resolved": "https://registry.npm.taobao.org/isarray/download/isarray-1.0.0.tgz",
      "integrity": "sha1-u5NdSFgsuhaMBoNJV6VKPgcSTxE="
    },
    "json-bigint": {
      "version": "0.3.0",
      "resolved": "https://registry.npm.taobao.org/json-bigint/download/json-bigint-0.3.0.tgz",
      "integrity": "sha1-DM2RLEuCcNBfBW+9E4FLU9OCWx4=",
      "requires": {
        "bignumber.js": "^7.0.0"
      }
    },
    "jsonfile": {
      "version": "6.0.0",
      "resolved": "https://registry.npm.taobao.org/jsonfile/download/jsonfile-6.0.0.tgz",
      "integrity": "sha1-FMUd1vzrZn077rodFkojqtYZu1E=",
      "requires": {
        "graceful-fs": "^4.1.6",
        "universalify": "^0.2.0"
      }
    },
    "jwa": {
      "version": "2.0.0",
      "resolved": "https://registry.npm.taobao.org/jwa/download/jwa-2.0.0.tgz",
      "integrity": "sha1-p+nD8p2ulAJ+vK9Jl1yTRVk0EPw=",
      "requires": {
        "buffer-equal-constant-time": "1.0.1",
        "ecdsa-sig-formatter": "1.0.11",
        "safe-buffer": "^5.0.1"
      }
    },
    "jws": {
      "version": "4.0.0",
      "resolved": "https://registry.npm.taobao.org/jws/download/jws-4.0.0.tgz",
      "integrity": "sha1-LU6M9qMY/6oSYV6d7H6G5slzEPQ=",
      "requires": {
        "jwa": "^2.0.0",
        "safe-buffer": "^5.0.1"
      }
    },
    "lodash.at": {
      "version": "4.6.0",
      "resolved": "https://registry.npm.taobao.org/lodash.at/download/lodash.at-4.6.0.tgz",
      "integrity": "sha1-k83OZk8KGZTqM9181A4jr9EbD/g="
    },
    "lodash.camelcase": {
      "version": "4.3.0",
      "resolved": "https://registry.npm.taobao.org/lodash.camelcase/download/lodash.camelcase-4.3.0.tgz",
      "integrity": "sha1-soqmKIorn8ZRA1x3EfZathkDMaY="
    },
    "lodash.has": {
      "version": "4.5.2",
      "resolved": "https://registry.npm.taobao.org/lodash.has/download/lodash.has-4.5.2.tgz",
      "integrity": "sha1-0Z9NwQlQWMzL4rDN9O4P5Ko3yGI="
    },
    "long": {
      "version": "4.0.0",
      "resolved": "https://registry.npm.taobao.org/long/download/long-4.0.0.tgz",
      "integrity": "sha1-mntxz7fTYaGU6lVSQckvdGjVvyg="
    },
    "lru-cache": {
      "version": "5.1.1",
      "resolved": "https://registry.npm.taobao.org/lru-cache/download/lru-cache-5.1.1.tgz",
      "integrity": "sha1-HaJ+ZxAnGUdpXa9oSOhH8B2EuSA=",
      "requires": {
        "yallist": "^3.0.2"
      }
    },
    "mime": {
      "version": "2.4.4",
      "resolved": "https://registry.npm.taobao.org/mime/download/mime-2.4.4.tgz",
      "integrity": "sha1-vXuRE1/GsBzePpuuM9ZZtj2IV+U="
    },
    "ms": {
      "version": "2.1.2",
      "resolved": "https://registry.npm.taobao.org/ms/download/ms-2.1.2.tgz?cache=0&sync_timestamp=1559842528856&other_urls=https%3A%2F%2Fregistry.npm.taobao.org%2Fms%2Fdownload%2Fms-2.1.2.tgz",
      "integrity": "sha1-0J0fNXtEP0kzgqjrPM0YOHKuYAk="
    },
    "node-fetch": {
      "version": "2.6.7",
      "resolved": "https://registry.npmjs.org/node-fetch/-/node-fetch-2.6.7.tgz",
      "integrity": "sha512-ZjMPFEfVx5j+y2yF35Kzx5sF7kDzxuDj6ziH4FFbOp87zKDZNx8yExJIb05OGF4Nlt9IHFIMBkRl41VdvcNdbQ==",
      "requires": {
        "whatwg-url": "^5.0.0"
      }
    },
    "node-forge": {
      "version": "0.9.1",
      "resolved": "https://registry.npm.taobao.org/node-forge/download/node-forge-0.9.1.tgz",
      "integrity": "sha1-d1No5oRlWKtmdoWKTYxujRbGd7U="
    },
    "once": {
      "version": "1.4.0",
      "resolved": "https://registry.npm.taobao.org/once/download/once-1.4.0.tgz",
      "integrity": "sha1-WDsap3WWHUsROsF9nFC6753Xa9E=",
      "requires": {
        "wrappy": "1"
      }
    },
    "process-nextick-args": {
      "version": "2.0.1",
      "resolved": "https://registry.npm.taobao.org/process-nextick-args/download/process-nextick-args-2.0.1.tgz",
      "integrity": "sha1-eCDZsWEgzFXKmud5JoCufbptf+I="
    },
    "protobufjs": {
      "version": "6.8.8",
      "resolved": "https://registry.npm.taobao.org/protobufjs/download/protobufjs-6.8.8.tgz",
      "integrity": "sha1-yLTxKC/XqQ5vWxCe0RyEr4KQjnw=",
      "requires": {
        "@protobufjs/aspromise": "^1.1.2",
        "@protobufjs/base64": "^1.1.2",
        "@protobufjs/codegen": "^2.0.4",
        "@protobufjs/eventemitter": "^1.1.0",
        "@protobufjs/fetch": "^1.1.0",
        "@protobufjs/float": "^1.0.2",
        "@protobufjs/inquire": "^1.1.0",
        "@protobufjs/path": "^1.1.2",
        "@protobufjs/pool": "^1.1.0",
        "@protobufjs/utf8": "^1.1.0",
        "@types/long": "^4.0.0",
        "@types/node": "^10.1.0",
        "long": "^4.0.0"
      }
    },
    "readable-stream": {
      "version": "2.3.7",
      "resolved": "https://registry.npm.taobao.org/readable-stream/download/readable-stream-2.3.7.tgz",
      "integrity": "sha1-Hsoc9xGu+BTAT2IlKjamL2yyO1c=",
      "requires": {
        "core-util-is": "~1.0.0",
        "inherits": "~2.0.3",
        "isarray": "~1.0.0",
        "process-nextick-args": "~2.0.0",
        "safe-buffer": "~5.1.1",
        "string_decoder": "~1.1.1",
        "util-deprecate": "~1.0.1"
      },
      "dependencies": {
        "safe-buffer": {
          "version": "5.1.2",
          "resolved": "https://registry.npm.taobao.org/safe-buffer/download/safe-buffer-5.1.2.tgz?cache=0&sync_timestamp=1562350533022&other_urls=https%3A%2F%2Fregistry.npm.taobao.org%2Fsafe-buffer%2Fdownload%2Fsafe-buffer-5.1.2.tgz",
          "integrity": "sha1-mR7GnSluAxN0fVm9/St0XDX4go0="
        }
      }
    },
    "retry-request": {
      "version": "4.1.1",
      "resolved": "https://registry.npm.taobao.org/retry-request/download/retry-request-4.1.1.tgz",
      "integrity": "sha1-9nbQ2w3npvEiwEhibOfOEhAdK9g=",
      "requires": {
        "debug": "^4.1.1",
        "through2": "^3.0.1"
      }
    },
    "safe-buffer": {
      "version": "5.2.0",
      "resolved": "https://registry.npm.taobao.org/safe-buffer/download/safe-buffer-5.2.0.tgz?cache=0&sync_timestamp=1562350533022&other_urls=https%3A%2F%2Fregistry.npm.taobao.org%2Fsafe-buffer%2Fdownload%2Fsafe-buffer-5.2.0.tgz",
      "integrity": "sha1-t02uxJsRSPiMZLaNSbHoFcHy9Rk="
    },
    "semver": {
      "version": "6.3.0",
      "resolved": "https://registry.npm.taobao.org/semver/download/semver-6.3.0.tgz?cache=0&sync_timestamp=1581458466500&other_urls=https%3A%2F%2Fregistry.npm.taobao.org%2Fsemver%2Fdownload%2Fsemver-6.3.0.tgz",
      "integrity": "sha1-7gpkyK9ejO6mdoexM3YeG+y9HT0="
    },
    "stream-events": {
      "version": "1.0.5",
      "resolved": "https://registry.npm.taobao.org/stream-events/download/stream-events-1.0.5.tgz",
      "integrity": "sha1-u8iY7E3zOkkC2JIzPUfam/HEBtU=",
      "requires": {
        "stubs": "^3.0.0"
      }
    },
    "stream-shift": {
      "version": "1.0.1",
      "resolved": "https://registry.npm.taobao.org/stream-shift/download/stream-shift-1.0.1.tgz",
      "integrity": "sha1-1wiCgVWasneEJCebCHfaPDktWj0="
    },
    "string_decoder": {
      "version": "1.1.1",
      "resolved": "https://registry.npm.taobao.org/string_decoder/download/string_decoder-1.1.1.tgz",
      "integrity": "sha1-nPFhG6YmhdcDCunkujQUnDrwP8g=",
      "requires": {
        "safe-buffer": "~5.1.0"
      },
      "dependencies": {
        "safe-buffer": {
          "version": "5.1.2",
          "resolved": "https://registry.npm.taobao.org/safe-buffer/download/safe-buffer-5.1.2.tgz?cache=0&sync_timestamp=1562350533022&other_urls=https%3A%2F%2Fregistry.npm.taobao.org%2Fsafe-buffer%2Fdownload%2Fsafe-buffer-5.1.2.tgz",
          "integrity": "sha1-mR7GnSluAxN0fVm9/St0XDX4go0="
        }
      }
    },
    "stubs": {
      "version": "3.0.0",
      "resolved": "https://registry.npm.taobao.org/stubs/download/stubs-3.0.0.tgz",
      "integrity": "sha1-6NK6H6nJBXAwPAMLaQD31fiavls="
    },
    "teeny-request": {
      "version": "6.0.2",
      "resolved": "https://registry.npm.taobao.org/teeny-request/download/teeny-request-6.0.2.tgz",
      "integrity": "sha1-2gprpvzkqdq3cu+EsE5BcVfFb+c=",
      "requires": {
        "http-proxy-agent": "^4.0.0",
        "https-proxy-agent": "^5.0.0",
        "node-fetch": "^2.2.0",
        "stream-events": "^1.0.5",
        "uuid": "^3.3.2"
      },
      "dependencies": {
        "uuid": {
          "version": "3.4.0",
          "resolved": "https://registry.npm.taobao.org/uuid/download/uuid-3.4.0.tgz",
          "integrity": "sha1-sj5DWK+oogL+ehAK8fX4g/AgB+4="
        }
      }
    },
    "through2": {
      "version": "3.0.1",
      "resolved": "https://registry.npm.taobao.org/through2/download/through2-3.0.1.tgz",
      "integrity": "sha1-OSducTwzAu3544jdnIEt07glvVo=",
      "requires": {
        "readable-stream": "2 || 3"
      }
    },
    "tr46": {
      "version": "0.0.3",
      "resolved": "https://registry.npmjs.org/tr46/-/tr46-0.0.3.tgz",
      "integrity": "sha512-N3WMsuqV66lT30CrXNbEjx4GEwlow3v6rr4mCcv6prnfwhS01rkgyFdjPNBYd9br7LpXV1+Emh01fHnq2Gdgrw=="
    },
    "universalify": {
      "version": "0.2.0",
      "resolved": "https://registry.npm.taobao.org/universalify/download/universalify-0.2.0.tgz?cache=0&sync_timestamp=1582129524170&other_urls=https%3A%2F%2Fregistry.npm.taobao.org%2Funiversalify%2Fdownload%2Funiversalify-0.2.0.tgz",
      "integrity": "sha1-ZFF2BWb6hXU0dFqx3elS0bF2G+A="
    },
    "util-deprecate": {
      "version": "1.0.2",
      "resolved": "https://registry.npm.taobao.org/util-deprecate/download/util-deprecate-1.0.2.tgz",
      "integrity": "sha1-RQ1Nyfpw3nMnYvvS1KKJgUGaDM8="
    },
    "walkdir": {
      "version": "0.4.1",
      "resolved": "https://registry.npm.taobao.org/walkdir/download/walkdir-0.4.1.tgz",
      "integrity": "sha1-3BGfg/RCHfUuMGHlFCKKLbIK+jk="
    },
    "webidl-conversions": {
      "version": "3.0.1",
      "resolved": "https://registry.npmjs.org/webidl-conversions/-/webidl-conversions-3.0.1.tgz",
      "integrity": "sha512-2JAn3z8AR6rjK8Sm8orRC0h/bcl/DqL7tRPdGZ4I1CjdF+EaMLmYxBHyXuKL849eucPFhvBoxMsflfOb8kxaeQ=="
    },
    "whatwg-url": {
      "version": "5.0.0",
      "resolved": "https://registry.npmjs.org/whatwg-url/-/whatwg-url-5.0.0.tgz",
      "integrity": "sha512-saE57nupxk6v3HY35+jzBwYa0rKSy0XR8JSxZPwgLr7ys0IBzhGviA1/TUGJLmSVqs8pb9AnvICXEuOHLprYTw==",
      "requires": {
        "tr46": "~0.0.3",
        "webidl-conversions": "^3.0.0"
      }
    },
    "wrappy": {
      "version": "1.0.2",
      "resolved": "https://registry.npm.taobao.org/wrappy/download/wrappy-1.0.2.tgz",
      "integrity": "sha1-tSQ9jz7BqjXxNkYFvA0QNuMKtp8="
    },
    "yallist": {
      "version": "3.1.1",
      "resolved": "https://registry.npm.taobao.org/yallist/download/yallist-3.1.1.tgz",
      "integrity": "sha1-27fa+b/YusmrRev2ArjLrQ1dCP0="
    }
  }
}
